
Microsoft Visual Studio Solution File, Format Version 12.00
# Visual Studio Version 16
VisualStudioVersion = 16.0.33214.272
MinimumVisualStudioVersion = 10.0.40219.1
Project("{FAE04EC0-301F-11D3-BF4B-00C04F79EFBC}") = "EjercicioEnum", "EjercicioEnum\EjercicioEnum.csproj", "{5FCF662D-A986-4B0C-A7ED-B31C7508325B}"
EndProject
Global
	GlobalSection(SolutionConfigurationPlatforms) = preSolution
		Debug|Any CPU = Debug|Any CPU
		Release|Any CPU = Release|Any CPU
	EndGlobalSection
	GlobalSection(ProjectConfigurationPlatforms) = postSolution
		{5FCF662D-A986-4B0C-A7ED-B31C7508325B}.Debug|Any CPU.ActiveCfg = Debug|Any CPU
		{5FCF662D-A986-4B0C-A7ED-B31C7508325B}.Debug|Any CPU.Build.0 = Debug|Any CPU
		{5FCF662D-A986-4B0C-A7ED-B31C7508325B}.Release|Any CPU.ActiveCfg = Release|Any CPU
		{5FCF662D-A986-4B0C-A7ED-B31C7508325B}.Release|Any CPU.Build.0 = Release|Any CPU
	EndGlobalSection
	GlobalSection(SolutionProperties) = preSolution
		HideSolutionNode = FALSE
	EndGlobalSection
	GlobalSection(ExtensibilityGlobals) = postSolution
		SolutionGuid = {5C485040-8F2F-4A44-A228-63EA55DDE492}
	EndGlobalSection
EndGlobal
